
Microsoft Visual Studio Solution File, Format Version 12.00
# Visual Studio Version 17
VisualStudioVersion = 17.0.31903.59
MinimumVisualStudioVersion = 10.0.40219.1
Project("{FAE04EC0-301F-11D3-BF4B-00C04F79EFBC}") = "HydrogenEyeCare", "HydrogenEyeCare.csproj", "{19F3312B-7FB5-40F1-9DC9-0853A54EC5D5}"
EndProject
Project("{FAE04EC0-301F-11D3-BF4B-00C04F79EFBC}") = "HydrogenEyeCare.Tests", "HydrogenEyeCare.Tests\HydrogenEyeCare.Tests.csproj", "{02137336-1F1A-4423-919A-D1EEA9B6DE4F}"
EndProject
Global
	GlobalSection(SolutionConfigurationPlatforms) = preSolution
		Debug|Any CPU = Debug|Any CPU
		Debug|x64 = Debug|x64
		Debug|x86 = Debug|x86
		Release|Any CPU = Release|Any CPU
		Release|x64 = Release|x64
		Release|x86 = Release|x86
	EndGlobalSection
	GlobalSection(ProjectConfigurationPlatforms) = postSolution
		{19F3312B-7FB5-40F1-9DC9-0853A54EC5D5}.Debug|Any CPU.ActiveCfg = Debug|Any CPU
		{19F3312B-7FB5-40F1-9DC9-0853A54EC5D5}.Debug|Any CPU.Build.0 = Debug|Any CPU
		{19F3312B-7FB5-40F1-9DC9-0853A54EC5D5}.Debug|x64.ActiveCfg = Debug|Any CPU
		{19F3312B-7FB5-40F1-9DC9-0853A54EC5D5}.Debug|x64.Build.0 = Debug|Any CPU
		{19F3312B-7FB5-40F1-9DC9-0853A54EC5D5}.Debug|x86.ActiveCfg = Debug|Any CPU
		{19F3312B-7FB5-40F1-9DC9-0853A54EC5D5}.Debug|x86.Build.0 = Debug|Any CPU
		{19F3312B-7FB5-40F1-9DC9-0853A54EC5D5}.Release|Any CPU.ActiveCfg = Release|Any CPU
		{19F3312B-7FB5-40F1-9DC9-0853A54EC5D5}.Release|Any CPU.Build.0 = Release|Any CPU
		{19F3312B-7FB5-40F1-9DC9-0853A54EC5D5}.Release|x64.ActiveCfg = Release|Any CPU
		{19F3312B-7FB5-40F1-9DC9-0853A54EC5D5}.Release|x64.Build.0 = Release|Any CPU
		{19F3312B-7FB5-40F1-9DC9-0853A54EC5D5}.Release|x86.ActiveCfg = Release|Any CPU
		{19F3312B-7FB5-40F1-9DC9-0853A54EC5D5}.Release|x86.Build.0 = Release|Any CPU
		{02137336-1F1A-4423-919A-D1EEA9B6DE4F}.Debug|Any CPU.ActiveCfg = Debug|Any CPU
		{02137336-1F1A-4423-919A-D1EEA9B6DE4F}.Debug|Any CPU.Build.0 = Debug|Any CPU
		{02137336-1F1A-4423-919A-D1EEA9B6DE4F}.Debug|x64.ActiveCfg = Debug|Any CPU
		{02137336-1F1A-4423-919A-D1EEA9B6DE4F}.Debug|x64.Build.0 = Debug|Any CPU
		{02137336-1F1A-4423-919A-D1EEA9B6DE4F}.Debug|x86.ActiveCfg = Debug|Any CPU
		{02137336-1F1A-4423-919A-D1EEA9B6DE4F}.Debug|x86.Build.0 = Debug|Any CPU
		{02137336-1F1A-4423-919A-D1EEA9B6DE4F}.Release|Any CPU.ActiveCfg = Release|Any CPU
		{02137336-1F1A-4423-919A-D1EEA9B6DE4F}.Release|Any CPU.Build.0 = Release|Any CPU
		{02137336-1F1A-4423-919A-D1EEA9B6DE4F}.Release|x64.ActiveCfg = Release|Any CPU
		{02137336-1F1A-4423-919A-D1EEA9B6DE4F}.Release|x64.Build.0 = Release|Any CPU
		{02137336-1F1A-4423-919A-D1EEA9B6DE4F}.Release|x86.ActiveCfg = Release|Any CPU
		{02137336-1F1A-4423-919A-D1EEA9B6DE4F}.Release|x86.Build.0 = Release|Any CPU
	EndGlobalSection
	GlobalSection(SolutionProperties) = preSolution
		HideSolutionNode = FALSE
	EndGlobalSection
EndGlobal
